// !$*UTF8*$!
{
	archiveVersion = 1;
	classes = {
	};
	objectVersion = 52;
	objects = {

/* Begin PBXBuildFile section */
		332C227B23FEBCE0007823E5 /* AppDelegate.swift in Sources */ = {isa = PBXBuildFile; fileRef = 332C227A23FEBCE0007823E5 /* AppDelegate.swift */; };
		332C227D23FEBCE0007823E5 /* SceneDelegate.swift in Sources */ = {isa = PBXBuildFile; fileRef = 332C227C23FEBCE0007823E5 /* SceneDelegate.swift */; };
		332C228123FEBCE1007823E5 /* Assets.xcassets in Resources */ = {isa = PBXBuildFile; fileRef = 332C228023FEBCE1007823E5 /* Assets.xcassets */; };
		332C228423FEBCE1007823E5 /* Preview Assets.xcassets in Resources */ = {isa = PBXBuildFile; fileRef = 332C228323FEBCE1007823E5 /* Preview Assets.xcassets */; };
		332C228723FEBCE1007823E5 /* LaunchScreen.storyboard in Resources */ = {isa = PBXBuildFile; fileRef = 332C228523FEBCE1007823E5 /* LaunchScreen.storyboard */; };
		332C229223FEBCE1007823E5 /* AppUITests.swift in Sources */ = {isa = PBXBuildFile; fileRef = 332C229123FEBCE1007823E5 /* AppUITests.swift */; };
		332C229E23FEBDD9007823E5 /* Modules in Frameworks */ = {isa = PBXBuildFile; productRef = 332C229D23FEBDD9007823E5 /* Modules */; };
/* End PBXBuildFile section */

/* Begin PBXContainerItemProxy section */
		332C228E23FEBCE1007823E5 /* PBXContainerItemProxy */ = {
			isa = PBXContainerItemProxy;
			containerPortal = 332C226F23FEBCE0007823E5 /* Project object */;
			proxyType = 1;
			remoteGlobalIDString = 332C227623FEBCE0007823E5;
			remoteInfo = App;
		};
/* End PBXContainerItemProxy section */

/* Begin PBXFileReference section */
		332C227723FEBCE0007823E5 /* Warren.app */ = {isa = PBXFileReference; explicitFileType = wrapper.application; includeInIndex = 0; path = Warren.app; sourceTree = BUILT_PRODUCTS_DIR; };
		332C227A23FEBCE0007823E5 /* AppDelegate.swift */ = {isa = PBXFileReference; lastKnownFileType = sourcecode.swift; path = AppDelegate.swift; sourceTree = "<group>"; };
		332C227C23FEBCE0007823E5 /* SceneDelegate.swift */ = {isa = PBXFileReference; lastKnownFileType = sourcecode.swift; path = SceneDelegate.swift; sourceTree = "<group>"; };
		332C228023FEBCE1007823E5 /* Assets.xcassets */ = {isa = PBXFileReference; lastKnownFileType = folder.assetcatalog; path = Assets.xcassets; sourceTree = "<group>"; };
		332C228323FEBCE1007823E5 /* Preview Assets.xcassets */ = {isa = PBXFileReference; lastKnownFileType = folder.assetcatalog; path = "Preview Assets.xcassets"; sourceTree = "<group>"; };
		332C228623FEBCE1007823E5 /* Base */ = {isa = PBXFileReference; lastKnownFileType = file.storyboard; name = Base; path = Base.lproj/LaunchScreen.storyboard; sourceTree = "<group>"; };
		332C228823FEBCE1007823E5 /* Info.plist */ = {isa = PBXFileReference; lastKnownFileType = text.plist.xml; path = Info.plist; sourceTree = "<group>"; };
		332C228D23FEBCE1007823E5 /* AppUITests.xctest */ = {isa = PBXFileReference; explicitFileType = wrapper.cfbundle; includeInIndex = 0; path = AppUITests.xctest; sourceTree = BUILT_PRODUCTS_DIR; };
		332C229123FEBCE1007823E5 /* AppUITests.swift */ = {isa = PBXFileReference; lastKnownFileType = sourcecode.swift; path = AppUITests.swift; sourceTree = "<group>"; };
		332C229323FEBCE1007823E5 /* Info.plist */ = {isa = PBXFileReference; lastKnownFileType = text.plist.xml; path = Info.plist; sourceTree = "<group>"; };
/* End PBXFileReference section */

/* Begin PBXFrameworksBuildPhase section */
		332C227423FEBCE0007823E5 /* Frameworks */ = {
			isa = PBXFrameworksBuildPhase;
			buildActionMask = 2147483647;
			files = (
				332C229E23FEBDD9007823E5 /* Modules in Frameworks */,
			);
			runOnlyForDeploymentPostprocessing = 0;
		};
		332C228A23FEBCE1007823E5 /* Frameworks */ = {
			isa = PBXFrameworksBuildPhase;
			buildActionMask = 2147483647;
			files = (
			);
			runOnlyForDeploymentPostprocessing = 0;
		};
/* End PBXFrameworksBuildPhase section */

/* Begin PBXGroup section */
		332C226E23FEBCE0007823E5 = {
			isa = PBXGroup;
			children = (
				332C227923FEBCE0007823E5 /* App */,
				332C229023FEBCE1007823E5 /* AppUITests */,
				332C227823FEBCE0007823E5 /* Products */,
				332C229C23FEBDD9007823E5 /* Frameworks */,
			);
			sourceTree = "<group>";
		};
		332C227823FEBCE0007823E5 /* Products */ = {
			isa = PBXGroup;
			children = (
				332C227723FEBCE0007823E5 /* Warren.app */,
				332C228D23FEBCE1007823E5 /* AppUITests.xctest */,
			);
			name = Products;
			sourceTree = "<group>";
		};
		332C227923FEBCE0007823E5 /* App */ = {
			isa = PBXGroup;
			children = (
				332C227A23FEBCE0007823E5 /* AppDelegate.swift */,
				332C227C23FEBCE0007823E5 /* SceneDelegate.swift */,
				332C228023FEBCE1007823E5 /* Assets.xcassets */,
				332C228523FEBCE1007823E5 /* LaunchScreen.storyboard */,
				332C228823FEBCE1007823E5 /* Info.plist */,
				332C228223FEBCE1007823E5 /* Preview Content */,
			);
			path = App;
			sourceTree = "<group>";
		};
		332C228223FEBCE1007823E5 /* Preview Content */ = {
			isa = PBXGroup;
			children = (
				332C228323FEBCE1007823E5 /* Preview Assets.xcassets */,
			);
			path = "Preview Content";
			sourceTree = "<group>";
		};
		332C229023FEBCE1007823E5 /* AppUITests */ = {
			isa = PBXGroup;
			children = (
				332C229123FEBCE1007823E5 /* AppUITests.swift */,
				332C229323FEBCE1007823E5 /* Info.plist */,
			);
			path = AppUITests;
			sourceTree = "<group>";
		};
		332C229C23FEBDD9007823E5 /* Frameworks */ = {
			isa = PBXGroup;
			children = (
			);
			name = Frameworks;
			sourceTree = "<group>";
		};
/* End PBXGroup section */

/* Begin PBXNativeTarget section */
		332C227623FEBCE0007823E5 /* App */ = {
			isa = PBXNativeTarget;
			buildConfigurationList = 332C229623FEBCE1007823E5 /* Build configuration list for PBXNativeTarget "App" */;
			buildPhases = (
				332C227323FEBCE0007823E5 /* Sources */,
				332C227423FEBCE0007823E5 /* Frameworks */,
				332C227523FEBCE0007823E5 /* Resources */,
			);
			buildRules = (
			);
			dependencies = (
			);
			name = App;
			packageProductDependencies = (
				332C229D23FEBDD9007823E5 /* Modules */,
			);
			productName = App;
			productReference = 332C227723FEBCE0007823E5 /* Warren.app */;
			productType = "com.apple.product-type.application";
		};
		332C228C23FEBCE1007823E5 /* AppUITests */ = {
			isa = PBXNativeTarget;
			buildConfigurationList = 332C229923FEBCE1007823E5 /* Build configuration list for PBXNativeTarget "AppUITests" */;
			buildPhases = (
				332C228923FEBCE1007823E5 /* Sources */,
				332C228A23FEBCE1007823E5 /* Frameworks */,
				332C228B23FEBCE1007823E5 /* Resources */,
			);
			buildRules = (
			);
			dependencies = (
				332C228F23FEBCE1007823E5 /* PBXTargetDependency */,
			);
			name = AppUITests;
			productName = AppUITests;
			productReference = 332C228D23FEBCE1007823E5 /* AppUITests.xctest */;
			productType = "com.apple.product-type.bundle.ui-testing";
		};
/* End PBXNativeTarget section */

/* Begin PBXProject section */
		332C226F23FEBCE0007823E5 /* Project object */ = {
			isa = PBXProject;
			attributes = {
				LastSwiftUpdateCheck = 1130;
				LastUpgradeCheck = 1130;
				ORGANIZATIONNAME = Warren;
				TargetAttributes = {
					332C227623FEBCE0007823E5 = {
						CreatedOnToolsVersion = 11.3.1;
					};
					332C228C23FEBCE1007823E5 = {
						CreatedOnToolsVersion = 11.3.1;
						TestTargetID = 332C227623FEBCE0007823E5;
					};
				};
			};
			buildConfigurationList = 332C227223FEBCE0007823E5 /* Build configuration list for PBXProject "App" */;
			compatibilityVersion = "Xcode 9.3";
			developmentRegion = en;
			hasScannedForEncodings = 0;
			knownRegions = (
				en,
				Base,
			);
			mainGroup = 332C226E23FEBCE0007823E5;
			productRefGroup = 332C227823FEBCE0007823E5 /* Products */;
			projectDirPath = "";
			projectRoot = "";
			targets = (
				332C227623FEBCE0007823E5 /* App */,
				332C228C23FEBCE1007823E5 /* AppUITests */,
			);
		};
/* End PBXProject section */

/* Begin PBXResourcesBuildPhase section */
		332C227523FEBCE0007823E5 /* Resources */ = {
			isa = PBXResourcesBuildPhase;
			buildActionMask = 2147483647;
			files = (
				332C228723FEBCE1007823E5 /* LaunchScreen.storyboard in Resources */,
				332C228423FEBCE1007823E5 /* Preview Assets.xcassets in Resources */,
				332C228123FEBCE1007823E5 /* Assets.xcassets in Resources */,
			);
			runOnlyForDeploymentPostprocessing = 0;
		};
		332C228B23FEBCE1007823E5 /* Resources */ = {
			isa = PBXResourcesBuildPhase;
			buildActionMask = 2147483647;
			files = (
			);
			runOnlyForDeploymentPostprocessing = 0;
		};
/* End PBXResourcesBuildPhase section */

/* Begin PBXSourcesBuildPhase section */
		332C227323FEBCE0007823E5 /* Sources */ = {
			isa = PBXSourcesBuildPhase;
			buildActionMask = 2147483647;
			files = (
				332C227B23FEBCE0007823E5 /* AppDelegate.swift in Sources */,
				332C227D23FEBCE0007823E5 /* SceneDelegate.swift in Sources */,
			);
			runOnlyForDeploymentPostprocessing = 0;
		};
		332C228923FEBCE1007823E5 /* Sources */ = {
			isa = PBXSourcesBuildPhase;
			buildActionMask = 2147483647;
			files = (
				332C229223FEBCE1007823E5 /* AppUITests.swift in Sources */,
			);
			runOnlyForDeploymentPostprocessing = 0;
		};
/* End PBXSourcesBuildPhase section */

/* Begin PBXTargetDependency section */
		332C228F23FEBCE1007823E5 /* PBXTargetDependency */ = {
			isa = PBXTargetDependency;
			target = 332C227623FEBCE0007823E5 /* App */;
			targetProxy = 332C228E23FEBCE1007823E5 /* PBXContainerItemProxy */;
		};
/* End PBXTargetDependency section */

/* Begin PBXVariantGroup section */
		332C228523FEBCE1007823E5 /* LaunchScreen.storyboard */ = {
			isa = PBXVariantGroup;
			children = (
				332C228623FEBCE1007823E5 /* Base */,
			);
			name = LaunchScreen.storyboard;
			sourceTree = "<group>";
		};
/* End PBXVariantGroup section */

/* Begin XCBuildConfiguration section */
		332C229423FEBCE1007823E5 /* Debug */ = {
			isa = XCBuildConfiguration;
			buildSettings = {
				ALWAYS_SEARCH_USER_PATHS = NO;
				CLANG_ANALYZER_NONNULL = YES;
				CLANG_ANALYZER_NUMBER_OBJECT_CONVERSION = YES_AGGRESSIVE;
				CLANG_CXX_LANGUAGE_STANDARD = "gnu++14";
				CLANG_CXX_LIBRARY = "libc++";
				CLANG_ENABLE_MODULES = YES;
				CLANG_ENABLE_OBJC_ARC = YES;
				CLANG_ENABLE_OBJC_WEAK = YES;
				CLANG_WARN_BLOCK_CAPTURE_AUTORELEASING = YES;
				CLANG_WARN_BOOL_CONVERSION = YES;
				CLANG_WARN_COMMA = YES;
				CLANG_WARN_CONSTANT_CONVERSION = YES;
				CLANG_WARN_DEPRECATED_OBJC_IMPLEMENTATIONS = YES;
				CLANG_WARN_DIRECT_OBJC_ISA_USAGE = YES_ERROR;
				CLANG_WARN_DOCUMENTATION_COMMENTS = YES;
				CLANG_WARN_EMPTY_BODY = YES;
				CLANG_WARN_ENUM_CONVERSION = YES;
				CLANG_WARN_INFINITE_RECURSION = YES;
				CLANG_WARN_INT_CONVERSION = YES;
				CLANG_WARN_NON_LITERAL_NULL_CONVERSION = YES;
				CLANG_WARN_OBJC_IMPLICIT_RETAIN_SELF = YES;
				CLANG_WARN_OBJC_LITERAL_CONVERSION = YES;
				CLANG_WARN_OBJC_ROOT_CLASS = YES_ERROR;
				CLANG_WARN_RANGE_LOOP_ANALYSIS = YES;
				CLANG_WARN_STRICT_PROTOTYPES = YES;
				CLANG_WARN_SUSPICIOUS_MOVE = YES;
				CLANG_WARN_UNGUARDED_AVAILABILITY = YES_AGGRESSIVE;
				CLANG_WARN_UNREACHABLE_CODE = YES;
				CLANG_WARN__DUPLICATE_METHOD_MATCH = YES;
				COPY_PHASE_STRIP = NO;
				DEBUG_INFORMATION_FORMAT = dwarf;
				ENABLE_STRICT_OBJC_MSGSEND = YES;
				ENABLE_TESTABILITY = YES;
				GCC_C_LANGUAGE_STANDARD = gnu11;
				GCC_DYNAMIC_NO_PIC = NO;
				GCC_NO_COMMON_BLOCKS = YES;
				GCC_OPTIMIZATION_LEVEL = 0;
				GCC_PREPROCESSOR_DEFINITIONS = (
					"DEBUG=1",
					"$(inherited)",
				);
				GCC_WARN_64_TO_32_BIT_CONVERSION = YES;
				GCC_WARN_ABOUT_RETURN_TYPE = YES_ERROR;
				GCC_WARN_UNDECLARED_SELECTOR = YES;
				GCC_WARN_UNINITIALIZED_AUTOS = YES_AGGRESSIVE;
				GCC_WARN_UNUSED_FUNCTION = YES;
				GCC_WARN_UNUSED_VARIABLE = YES;
				IPHONEOS_DEPLOYMENT_TARGET = 13.2;
				MTL_ENABLE_DEBUG_INFO = INCLUDE_SOURCE;
				MTL_FAST_MATH = YES;
				ONLY_ACTIVE_ARCH = YES;
				SDKROOT = iphoneos;
				SWIFT_ACTIVE_COMPILATION_CONDITIONS = DEBUG;
				SWIFT_OPTIMIZATION_LEVEL = "-Onone";
			};
			name = Debug;
		};
		332C229523FEBCE1007823E5 /* Release */ = {
			isa = XCBuildConfiguration;
			buildSettings = {
				ALWAYS_SEARCH_USER_PATHS = NO;
				CLANG_ANALYZER_NONNULL = YES;
				CLANG_ANALYZER_NUMBER_OBJECT_CONVERSION = YES_AGGRESSIVE;
				CLANG_CXX_LANGUAGE_STANDARD = "gnu++14";
				CLANG_CXX_LIBRARY = "libc++";
				CLANG_ENABLE_MODULES = YES;
				CLANG_ENABLE_OBJC_ARC = YES;
				CLANG_ENABLE_OBJC_WEAK = YES;
				CLANG_WARN_BLOCK_CAPTURE_AUTORELEASING = YES;
				CLANG_WARN_BOOL_CONVERSION = YES;
				CLANG_WARN_COMMA = YES;
				CLANG_WARN_CONSTANT_CONVERSION = YES;
				CLANG_WARN_DEPRECATED_OBJC_IMPLEMENTATIONS = YES;
				CLANG_WARN_DIRECT_OBJC_ISA_USAGE = YES_ERROR;
				CLANG_WARN_DOCUMENTATION_COMMENTS = YES;
				CLANG_WARN_EMPTY_BODY = YES;
				CLANG_WARN_ENUM_CONVERSION = YES;
				CLANG_WARN_INFINITE_RECURSION = YES;
				CLANG_WARN_INT_CONVERSION = YES;
				CLANG_WARN_NON_LITERAL_NULL_CONVERSION = YES;
				CLANG_WARN_OBJC_IMPLICIT_RETAIN_SELF = YES;
				CLANG_WARN_OBJC_LITERAL_CONVERSION = YES;
				CLANG_WARN_OBJC_ROOT_CLASS = YES_ERROR;
				CLANG_WARN_RANGE_LOOP_ANALYSIS = YES;
				CLANG_WARN_STRICT_PROTOTYPES = YES;
				CLANG_WARN_SUSPICIOUS_MOVE = YES;
				CLANG_WARN_UNGUARDED_AVAILABILITY = YES_AGGRESSIVE;
				CLANG_WARN_UNREACHABLE_CODE = YES;
				CLANG_WARN__DUPLICATE_METHOD_MATCH = YES;
				COPY_PHASE_STRIP = NO;
				DEBUG_INFORMATION_FORMAT = "dwarf-with-dsym";
				ENABLE_NS_ASSERTIONS = NO;
				ENABLE_STRICT_OBJC_MSGSEND = YES;
				GCC_C_LANGUAGE_STANDARD = gnu11;
				GCC_NO_COMMON_BLOCKS = YES;
				GCC_WARN_64_TO_32_BIT_CONVERSION = YES;
				GCC_WARN_ABOUT_RETURN_TYPE = YES_ERROR;
				GCC_WARN_UNDECLARED_SELECTOR = YES;
				GCC_WARN_UNINITIALIZED_AUTOS = YES_AGGRESSIVE;
				GCC_WARN_UNUSED_FUNCTION = YES;
				GCC_WARN_UNUSED_VARIABLE = YES;
				IPHONEOS_DEPLOYMENT_TARGET = 13.2;
				MTL_ENABLE_DEBUG_INFO = NO;
				MTL_FAST_MATH = YES;
				SDKROOT = iphoneos;
				SWIFT_COMPILATION_MODE = wholemodule;
				SWIFT_OPTIMIZATION_LEVEL = "-O";
				VALIDATE_PRODUCT = YES;
			};
			name = Release;
		};
		332C229723FEBCE1007823E5 /* Debug */ = {
			isa = XCBuildConfiguration;
			buildSettings = {
				ASSETCATALOG_COMPILER_APPICON_NAME = AppIcon;
				CODE_SIGN_STYLE = Automatic;
				DEVELOPMENT_ASSET_PATHS = "\"App/Preview Content\"";
				ENABLE_PREVIEWS = YES;
				INFOPLIST_FILE = App/Info.plist;
				LD_RUNPATH_SEARCH_PATHS = (
					"$(inherited)",
					"@executable_path/Frameworks",
				);
				PRODUCT_BUNDLE_IDENTIFIER = com.warren.desafio.App;
				PRODUCT_NAME = Warren;
				SWIFT_VERSION = 5.0;
				TARGETED_DEVICE_FAMILY = "1,2";
			};
			name = Debug;
		};
		332C229823FEBCE1007823E5 /* Release */ = {
			isa = XCBuildConfiguration;
			buildSettings = {
				ASSETCATALOG_COMPILER_APPICON_NAME = AppIcon;
				CODE_SIGN_STYLE = Automatic;
				DEVELOPMENT_ASSET_PATHS = "\"App/Preview Content\"";
				ENABLE_PREVIEWS = YES;
				INFOPLIST_FILE = App/Info.plist;
				LD_RUNPATH_SEARCH_PATHS = (
					"$(inherited)",
					"@executable_path/Frameworks",
				);
				PRODUCT_BUNDLE_IDENTIFIER = com.warren.desafio.App;
				PRODUCT_NAME = Warren;
				SWIFT_VERSION = 5.0;
				TARGETED_DEVICE_FAMILY = "1,2";
			};
			name = Release;
		};
		332C229A23FEBCE1007823E5 /* Debug */ = {
			isa = XCBuildConfiguration;
			buildSettings = {
				ALWAYS_EMBED_SWIFT_STANDARD_LIBRARIES = YES;
				CODE_SIGN_STYLE = Automatic;
				INFOPLIST_FILE = AppUITests/Info.plist;
				LD_RUNPATH_SEARCH_PATHS = (
					"$(inherited)",
					"@executable_path/Frameworks",
					"@loader_path/Frameworks",
				);
				PRODUCT_BUNDLE_IDENTIFIER = com.warren.desafio.AppUITests;
				PRODUCT_NAME = "$(TARGET_NAME)";
				SWIFT_VERSION = 5.0;
				TARGETED_DEVICE_FAMILY = "1,2";
				TEST_TARGET_NAME = App;
			};
			name = Debug;
		};
		332C229B23FEBCE1007823E5 /* Release */ = {
			isa = XCBuildConfiguration;
			buildSettings = {
				ALWAYS_EMBED_SWIFT_STANDARD_LIBRARIES = YES;
				CODE_SIGN_STYLE = Automatic;
				INFOPLIST_FILE = AppUITests/Info.plist;
				LD_RUNPATH_SEARCH_PATHS = (
					"$(inherited)",
					"@executable_path/Frameworks",
					"@loader_path/Frameworks",
				);
				PRODUCT_BUNDLE_IDENTIFIER = com.warren.desafio.AppUITests;
				PRODUCT_NAME = "$(TARGET_NAME)";
				SWIFT_VERSION = 5.0;
				TARGETED_DEVICE_FAMILY = "1,2";
				TEST_TARGET_NAME = App;
			};
			name = Release;
		};
/* End XCBuildConfiguration section */

/* Begin XCConfigurationList section */
		332C227223FEBCE0007823E5 /* Build configuration list for PBXProject "App" */ = {
			isa = XCConfigurationList;
			buildConfigurations = (
				332C229423FEBCE1007823E5 /* Debug */,
				332C229523FEBCE1007823E5 /* Release */,
			);
			defaultConfigurationIsVisible = 0;
			defaultConfigurationName = Release;
		};
		332C229623FEBCE1007823E5 /* Build configuration list for PBXNativeTarget "App" */ = {
			isa = XCConfigurationList;
			buildConfigurations = (
				332C229723FEBCE1007823E5 /* Debug */,
				332C229823FEBCE1007823E5 /* Release */,
			);
			defaultConfigurationIsVisible = 0;
			defaultConfigurationName = Release;
		};
		332C229923FEBCE1007823E5 /* Build configuration list for PBXNativeTarget "AppUITests" */ = {
			isa = XCConfigurationList;
			buildConfigurations = (
				332C229A23FEBCE1007823E5 /* Debug */,
				332C229B23FEBCE1007823E5 /* Release */,
			);
			defaultConfigurationIsVisible = 0;
			defaultConfigurationName = Release;
		};
/* End XCConfigurationList section */

/* Begin XCSwiftPackageProductDependency section */
		332C229D23FEBDD9007823E5 /* Modules */ = {
			isa = XCSwiftPackageProductDependency;
			productName = Modules;
		};
/* End XCSwiftPackageProductDependency section */
	};
	rootObject = 332C226F23FEBCE0007823E5 /* Project object */;
}
